
Microsoft Visual Studio Solution File, Format Version 12.00
# Visual Studio 15
VisualStudioVersion = 15.0.27428.2015
MinimumVisualStudioVersion = 10.0.40219.1
Project("{9A19103F-16F7-4668-BE54-9A1E7A4F7556}") = "Centaline.Fyq.LogAnalyze", "ConsoleApp7\Centaline.Fyq.LogAnalyze.csproj", "{E12D97BD-D66E-4F75-9342-CF858168C5BA}"
EndProject
Project("{9A19103F-16F7-4668-BE54-9A1E7A4F7556}") = "Centaline.Fyq.LogAnalyze.ElasticSearch", "ElasticSearch\Centaline.Fyq.LogAnalyze.ElasticSearch.csproj", "{B1F2F3FF-3A14-4B65-86A0-3E6F25227838}"
EndProject
Project("{9A19103F-16F7-4668-BE54-9A1E7A4F7556}") = "Centaline.Fyq.LogAnalyze.Config", "Config\Centaline.Fyq.LogAnalyze.Config.csproj", "{E6EE5672-01D3-4E39-9F4E-A2BC2B4AB7FD}"
EndProject
Project("{9A19103F-16F7-4668-BE54-9A1E7A4F7556}") = "Centaline.Fyq.LogAnalyze.Mode", "Centaline.Fyq.LogAnalyze.Mode\Centaline.Fyq.LogAnalyze.Mode.csproj", "{15456A64-E64A-4E5D-BEBB-344B5F2EF747}"
EndProject
Global
	GlobalSection(SolutionConfigurationPlatforms) = preSolution
		Debug|Any CPU = Debug|Any CPU
		Release|Any CPU = Release|Any CPU
	EndGlobalSection
	GlobalSection(ProjectConfigurationPlatforms) = postSolution
		{E12D97BD-D66E-4F75-9342-CF858168C5BA}.Debug|Any CPU.ActiveCfg = Debug|Any CPU
		{E12D97BD-D66E-4F75-9342-CF858168C5BA}.Debug|Any CPU.Build.0 = Debug|Any CPU
		{E12D97BD-D66E-4F75-9342-CF858168C5BA}.Release|Any CPU.ActiveCfg = Release|Any CPU
		{E12D97BD-D66E-4F75-9342-CF858168C5BA}.Release|Any CPU.Build.0 = Release|Any CPU
		{B1F2F3FF-3A14-4B65-86A0-3E6F25227838}.Debug|Any CPU.ActiveCfg = Debug|Any CPU
		{B1F2F3FF-3A14-4B65-86A0-3E6F25227838}.Debug|Any CPU.Build.0 = Debug|Any CPU
		{B1F2F3FF-3A14-4B65-86A0-3E6F25227838}.Release|Any CPU.ActiveCfg = Release|Any CPU
		{B1F2F3FF-3A14-4B65-86A0-3E6F25227838}.Release|Any CPU.Build.0 = Release|Any CPU
		{E6EE5672-01D3-4E39-9F4E-A2BC2B4AB7FD}.Debug|Any CPU.ActiveCfg = Debug|Any CPU
		{E6EE5672-01D3-4E39-9F4E-A2BC2B4AB7FD}.Debug|Any CPU.Build.0 = Debug|Any CPU
		{E6EE5672-01D3-4E39-9F4E-A2BC2B4AB7FD}.Release|Any CPU.ActiveCfg = Release|Any CPU
		{E6EE5672-01D3-4E39-9F4E-A2BC2B4AB7FD}.Release|Any CPU.Build.0 = Release|Any CPU
		{15456A64-E64A-4E5D-BEBB-344B5F2EF747}.Debug|Any CPU.ActiveCfg = Debug|Any CPU
		{15456A64-E64A-4E5D-BEBB-344B5F2EF747}.Debug|Any CPU.Build.0 = Debug|Any CPU
		{15456A64-E64A-4E5D-BEBB-344B5F2EF747}.Release|Any CPU.ActiveCfg = Release|Any CPU
		{15456A64-E64A-4E5D-BEBB-344B5F2EF747}.Release|Any CPU.Build.0 = Release|Any CPU
	EndGlobalSection
	GlobalSection(SolutionProperties) = preSolution
		HideSolutionNode = FALSE
	EndGlobalSection
	GlobalSection(ExtensibilityGlobals) = postSolution
		SolutionGuid = {F8615462-7832-4C77-9B38-112AA409E4D9}
	EndGlobalSection
EndGlobal
